
Microsoft Visual Studio Solution File, Format Version 12.00
# Visual Studio 2013
VisualStudioVersion = 12.0.21005.1
MinimumVisualStudioVersion = 10.0.40219.1
Project("{FAE04EC0-301F-11D3-BF4B-00C04F79EFBC}") = "Tail.Gas.Detection.Platform", "Tail.Gas.Detection.Platform\Tail.Gas.Detection.Platform.csproj", "{A1483CEE-482D-439E-9CF9-E40FF58E166A}"
EndProject
Project("{FAE04EC0-301F-11D3-BF4B-00C04F79EFBC}") = "TCPService", "TCPService\TCPService.csproj", "{B7E27C21-0A49-4695-ABD8-837A078C1392}"
EndProject
Project("{FAE04EC0-301F-11D3-BF4B-00C04F79EFBC}") = "Test", "Test\Test.csproj", "{91F316C9-C8B4-4F80-B2A5-D6838499CA4A}"
EndProject
Project("{FAE04EC0-301F-11D3-BF4B-00C04F79EFBC}") = "TCPService2", "TCPService2\TCPService2.csproj", "{84D01068-F52B-422B-B4D9-C890F161B518}"
EndProject
Global
	GlobalSection(SolutionConfigurationPlatforms) = preSolution
		Debug|Any CPU = Debug|Any CPU
		Release|Any CPU = Release|Any CPU
	EndGlobalSection
	GlobalSection(ProjectConfigurationPlatforms) = postSolution
		{A1483CEE-482D-439E-9CF9-E40FF58E166A}.Debug|Any CPU.ActiveCfg = Debug|Any CPU
		{A1483CEE-482D-439E-9CF9-E40FF58E166A}.Debug|Any CPU.Build.0 = Debug|Any CPU
		{A1483CEE-482D-439E-9CF9-E40FF58E166A}.Release|Any CPU.ActiveCfg = Release|Any CPU
		{A1483CEE-482D-439E-9CF9-E40FF58E166A}.Release|Any CPU.Build.0 = Release|Any CPU
		{B7E27C21-0A49-4695-ABD8-837A078C1392}.Debug|Any CPU.ActiveCfg = Debug|Any CPU
		{B7E27C21-0A49-4695-ABD8-837A078C1392}.Debug|Any CPU.Build.0 = Debug|Any CPU
		{B7E27C21-0A49-4695-ABD8-837A078C1392}.Release|Any CPU.ActiveCfg = Release|Any CPU
		{B7E27C21-0A49-4695-ABD8-837A078C1392}.Release|Any CPU.Build.0 = Release|Any CPU
		{91F316C9-C8B4-4F80-B2A5-D6838499CA4A}.Debug|Any CPU.ActiveCfg = Debug|Any CPU
		{91F316C9-C8B4-4F80-B2A5-D6838499CA4A}.Debug|Any CPU.Build.0 = Debug|Any CPU
		{91F316C9-C8B4-4F80-B2A5-D6838499CA4A}.Release|Any CPU.ActiveCfg = Release|Any CPU
		{91F316C9-C8B4-4F80-B2A5-D6838499CA4A}.Release|Any CPU.Build.0 = Release|Any CPU
		{84D01068-F52B-422B-B4D9-C890F161B518}.Debug|Any CPU.ActiveCfg = Debug|Any CPU
		{84D01068-F52B-422B-B4D9-C890F161B518}.Debug|Any CPU.Build.0 = Debug|Any CPU
		{84D01068-F52B-422B-B4D9-C890F161B518}.Release|Any CPU.ActiveCfg = Release|Any CPU
		{84D01068-F52B-422B-B4D9-C890F161B518}.Release|Any CPU.Build.0 = Release|Any CPU
	EndGlobalSection
	GlobalSection(SolutionProperties) = preSolution
		HideSolutionNode = FALSE
	EndGlobalSection
EndGlobal
